
Microsoft Visual Studio Solution File, Format Version 12.00
# Visual Studio Version 16
VisualStudioVersion = 16.0.29020.237
MinimumVisualStudioVersion = 10.0.40219.1
Project("{9A19103F-16F7-4668-BE54-9A1E7A4F7556}") = "AeFinder.Domain", "src\AeFinder.Domain\AeFinder.Domain.csproj", "{554AD327-6DBA-4F8F-96F8-81CE7A0C863F}"
EndProject
Project("{9A19103F-16F7-4668-BE54-9A1E7A4F7556}") = "AeFinder.Application", "src\AeFinder.Application\AeFinder.Application.csproj", "{1A94A50E-06DC-43C1-80B5-B662820EC3EB}"
EndProject
Project("{2150E333-8FDC-42A3-9474-1A3956D46DE8}") = "src", "src", "{CA9AC87F-097E-4F15-8393-4BC07735A5B0}"
EndProject
Project("{2150E333-8FDC-42A3-9474-1A3956D46DE8}") = "test", "test", "{04DBDB01-70F4-4E06-B468-8F87850B22BE}"
EndProject
Project("{9A19103F-16F7-4668-BE54-9A1E7A4F7556}") = "AeFinder.Application.Tests", "test\AeFinder.Application.Tests\AeFinder.Application.Tests.csproj", "{50B2631D-129C-47B3-A587-029CCD6099BC}"
EndProject
Project("{9A19103F-16F7-4668-BE54-9A1E7A4F7556}") = "AeFinder.Domain.Shared", "src\AeFinder.Domain.Shared\AeFinder.Domain.Shared.csproj", "{42F719ED-8413-4895-B5B4-5AB56079BC66}"
EndProject
Project("{9A19103F-16F7-4668-BE54-9A1E7A4F7556}") = "AeFinder.Application.Contracts", "src\AeFinder.Application.Contracts\AeFinder.Application.Contracts.csproj", "{520659C8-C734-4298-A3DA-B539DB9DFC0B}"
EndProject
Project("{9A19103F-16F7-4668-BE54-9A1E7A4F7556}") = "AeFinder.HttpApi", "src\AeFinder.HttpApi\AeFinder.HttpApi.csproj", "{4164BDF7-F527-4E85-9CE6-E3C2D7426A27}"
EndProject
Project("{9A19103F-16F7-4668-BE54-9A1E7A4F7556}") = "AeFinder.HttpApi.Client", "src\AeFinder.HttpApi.Client\AeFinder.HttpApi.Client.csproj", "{3B5A0094-670D-4BB1-BFDD-61B88A8773DC}"
EndProject
Project("{9A19103F-16F7-4668-BE54-9A1E7A4F7556}") = "AeFinder.HttpApi.Host", "src\AeFinder.HttpApi.Host\AeFinder.HttpApi.Host.csproj", "{E6D5BF0E-DE92-4D82-A352-EF04B37CB11C}"
EndProject
Project("{9A19103F-16F7-4668-BE54-9A1E7A4F7556}") = "AeFinder.TestBase", "test\AeFinder.TestBase\AeFinder.TestBase.csproj", "{91853F21-9CD9-4132-BC29-A7D5D84FFFE7}"
EndProject
Project("{9A19103F-16F7-4668-BE54-9A1E7A4F7556}") = "AeFinder.Domain.Tests", "test\AeFinder.Domain.Tests\AeFinder.Domain.Tests.csproj", "{E512F4D9-9375-480F-A2F6-A46509F9D824}"
EndProject
Project("{9A19103F-16F7-4668-BE54-9A1E7A4F7556}") = "AeFinder.HttpApi.Client.ConsoleTestApp", "test\AeFinder.HttpApi.Client.ConsoleTestApp\AeFinder.HttpApi.Client.ConsoleTestApp.csproj", "{EF480016-9127-4916-8735-D2466BDBC582}"
EndProject
Project("{9A19103F-16F7-4668-BE54-9A1E7A4F7556}") = "AeFinder.DbMigrator", "src\AeFinder.DbMigrator\AeFinder.DbMigrator.csproj", "{AA94D832-1CCC-4715-95A9-A483F23A1A5D}"
EndProject
Project("{FAE04EC0-301F-11D3-BF4B-00C04F79EFBC}") = "AeFinder.Silo", "src\AeFinder.Silo\AeFinder.Silo.csproj", "{B77D73DB-3E86-430E-B069-5B1A3558E220}"
EndProject
Project("{FAE04EC0-301F-11D3-BF4B-00C04F79EFBC}") = "AeFinder.Grains", "src\AeFinder.Grains\AeFinder.Grains.csproj", "{25228440-E9F8-4B5E-A1E9-2525B2E568C4}"
EndProject
Project("{FAE04EC0-301F-11D3-BF4B-00C04F79EFBC}") = "AeFinder.BlockChainEventHandler", "src\AeFinder.BlockChainEventHandler\AeFinder.BlockChainEventHandler.csproj", "{B9BCF4A4-A4EB-47E0-9F79-5458C6D30997}"
EndProject
Project("{FAE04EC0-301F-11D3-BF4B-00C04F79EFBC}") = "AeFinder.BlockChainEventHandler.Core", "src\AeFinder.BlockChainEventHandler.Core\AeFinder.BlockChainEventHandler.Core.csproj", "{9F274259-7A33-471E-88AB-824029000E4A}"
EndProject
Project("{FAE04EC0-301F-11D3-BF4B-00C04F79EFBC}") = "AeFinder.EntityEventHandler", "src\AeFinder.EntityEventHandler\AeFinder.EntityEventHandler.csproj", "{A3F5A3B0-97E7-4643-A7C9-4A1B110815F0}"
EndProject
Project("{FAE04EC0-301F-11D3-BF4B-00C04F79EFBC}") = "AeFinder.EntityEventHandler.Core", "src\AeFinder.EntityEventHandler.Core\AeFinder.EntityEventHandler.Core.csproj", "{CC9EECCF-14DF-43A8-BD54-0D7E246DBBE0}"
EndProject
Project("{FAE04EC0-301F-11D3-BF4B-00C04F79EFBC}") = "AeFinder.BlockChainEventHandler.Core.Tests", "test\AeFinder.BlockChainEventHandler.Core.Tests\AeFinder.BlockChainEventHandler.Core.Tests.csproj", "{8FD267D5-E652-4D88-93CB-70A9B644F745}"
EndProject
Project("{FAE04EC0-301F-11D3-BF4B-00C04F79EFBC}") = "AeFinder.EntityEventHandler.Core.Tests", "test\AeFinder.EntityEventHandler.Core.Tests\AeFinder.EntityEventHandler.Core.Tests.csproj", "{AA53A52B-33FD-47AC-BB6B-3AEE225BE819}"
EndProject
Project("{FAE04EC0-301F-11D3-BF4B-00C04F79EFBC}") = "AeFinder.AuthServer", "src\AeFinder.AuthServer\AeFinder.AuthServer.csproj", "{2172371A-2E9E-437D-8EBF-BE4FF6D0583B}"
EndProject
Project("{FAE04EC0-301F-11D3-BF4B-00C04F79EFBC}") = "AeFinder.Grains.Tests", "test\AeFinder.Grains.Tests\AeFinder.Grains.Tests.csproj", "{00CA9094-16DA-47CB-8A69-D617802D8ED1}"
EndProject
Project("{FAE04EC0-301F-11D3-BF4B-00C04F79EFBC}") = "AeFinder.Orleans.TestBase", "test\AeFinder.Orleans.TestBase\AeFinder.Orleans.TestBase.csproj", "{916C22E5-5CF6-42A1-9FA7-C7EDE233D813}"
EndProject
Project("{FAE04EC0-301F-11D3-BF4B-00C04F79EFBC}") = "AeFinder.App", "src\AeFinder.App\AeFinder.App.csproj", "{707B0CC7-7D52-41F3-B877-E8B7FEF4C59D}"
EndProject
Project("{FAE04EC0-301F-11D3-BF4B-00C04F79EFBC}") = "AeFinder.App.Host", "src\AeFinder.App.Host\AeFinder.App.Host.csproj", "{FB6D0664-A328-46CB-B019-0B05DEB23DC2}"
EndProject
Project("{FAE04EC0-301F-11D3-BF4B-00C04F79EFBC}") = "AeFinder.MongoDB", "src\AeFinder.MongoDB\AeFinder.MongoDB.csproj", "{DC7E4FA3-72C0-4A3F-A80D-120305FAE130}"
EndProject
Project("{FAE04EC0-301F-11D3-BF4B-00C04F79EFBC}") = "AeFinder.MongoDB.Tests", "test\AeFinder.MongoDB.Tests\AeFinder.MongoDB.Tests.csproj", "{2E2A03D2-8A33-44AA-B125-063F37E94F6E}"
EndProject
Project("{FAE04EC0-301F-11D3-BF4B-00C04F79EFBC}") = "AeFinder.App.Tests", "test\AeFinder.App.Tests\AeFinder.App.Tests.csproj", "{FD4AA222-E717-4B78-A7F4-46CADF9A1BD1}"
EndProject
Project("{FAE04EC0-301F-11D3-BF4B-00C04F79EFBC}") = "AeFinder.Sdk", "src\AeFinder.Sdk\AeFinder.Sdk.csproj", "{B35484F1-8253-4CBD-98EC-6F18DA11691A}"
EndProject
Project("{FAE04EC0-301F-11D3-BF4B-00C04F79EFBC}") = "AeFinder.CodeOps", "src\AeFinder.CodeOps\AeFinder.CodeOps.csproj", "{5392C9FC-7EA9-4364-B2E5-2B3D0676AE2F}"
EndProject
Project("{FAE04EC0-301F-11D3-BF4B-00C04F79EFBC}") = "AeFinder.CodeOps.Tests", "test\AeFinder.CodeOps.Tests\AeFinder.CodeOps.Tests.csproj", "{DE3E0B07-F585-4204-9BC0-EDF571F9FFE8}"
EndProject
Project("{2150E333-8FDC-42A3-9474-1A3956D46DE8}") = "samples", "samples", "{7AD57916-6546-4CC5-B6F1-F7AEAA526DE3}"
EndProject
Project("{FAE04EC0-301F-11D3-BF4B-00C04F79EFBC}") = "TokenApp", "samples\TokenApp\TokenApp.csproj", "{5A4743DF-BC69-4CCE-B8CE-29F04DCB7F43}"
EndProject
Global
	GlobalSection(SolutionConfigurationPlatforms) = preSolution
		Debug|Any CPU = Debug|Any CPU
		Release|Any CPU = Release|Any CPU
	EndGlobalSection
	GlobalSection(ProjectConfigurationPlatforms) = postSolution
		{554AD327-6DBA-4F8F-96F8-81CE7A0C863F}.Debug|Any CPU.ActiveCfg = Debug|Any CPU
		{554AD327-6DBA-4F8F-96F8-81CE7A0C863F}.Debug|Any CPU.Build.0 = Debug|Any CPU
		{554AD327-6DBA-4F8F-96F8-81CE7A0C863F}.Release|Any CPU.ActiveCfg = Release|Any CPU
		{554AD327-6DBA-4F8F-96F8-81CE7A0C863F}.Release|Any CPU.Build.0 = Release|Any CPU
		{1A94A50E-06DC-43C1-80B5-B662820EC3EB}.Debug|Any CPU.ActiveCfg = Debug|Any CPU
		{1A94A50E-06DC-43C1-80B5-B662820EC3EB}.Debug|Any CPU.Build.0 = Debug|Any CPU
		{1A94A50E-06DC-43C1-80B5-B662820EC3EB}.Release|Any CPU.ActiveCfg = Release|Any CPU
		{1A94A50E-06DC-43C1-80B5-B662820EC3EB}.Release|Any CPU.Build.0 = Release|Any CPU
		{50B2631D-129C-47B3-A587-029CCD6099BC}.Debug|Any CPU.ActiveCfg = Debug|Any CPU
		{50B2631D-129C-47B3-A587-029CCD6099BC}.Debug|Any CPU.Build.0 = Debug|Any CPU
		{50B2631D-129C-47B3-A587-029CCD6099BC}.Release|Any CPU.ActiveCfg = Release|Any CPU
		{50B2631D-129C-47B3-A587-029CCD6099BC}.Release|Any CPU.Build.0 = Release|Any CPU
		{42F719ED-8413-4895-B5B4-5AB56079BC66}.Debug|Any CPU.ActiveCfg = Debug|Any CPU
		{42F719ED-8413-4895-B5B4-5AB56079BC66}.Debug|Any CPU.Build.0 = Debug|Any CPU
		{42F719ED-8413-4895-B5B4-5AB56079BC66}.Release|Any CPU.ActiveCfg = Release|Any CPU
		{42F719ED-8413-4895-B5B4-5AB56079BC66}.Release|Any CPU.Build.0 = Release|Any CPU
		{520659C8-C734-4298-A3DA-B539DB9DFC0B}.Debug|Any CPU.ActiveCfg = Debug|Any CPU
		{520659C8-C734-4298-A3DA-B539DB9DFC0B}.Debug|Any CPU.Build.0 = Debug|Any CPU
		{520659C8-C734-4298-A3DA-B539DB9DFC0B}.Release|Any CPU.ActiveCfg = Release|Any CPU
		{520659C8-C734-4298-A3DA-B539DB9DFC0B}.Release|Any CPU.Build.0 = Release|Any CPU
		{4164BDF7-F527-4E85-9CE6-E3C2D7426A27}.Debug|Any CPU.ActiveCfg = Debug|Any CPU
		{4164BDF7-F527-4E85-9CE6-E3C2D7426A27}.Debug|Any CPU.Build.0 = Debug|Any CPU
		{4164BDF7-F527-4E85-9CE6-E3C2D7426A27}.Release|Any CPU.ActiveCfg = Release|Any CPU
		{4164BDF7-F527-4E85-9CE6-E3C2D7426A27}.Release|Any CPU.Build.0 = Release|Any CPU
		{3B5A0094-670D-4BB1-BFDD-61B88A8773DC}.Debug|Any CPU.ActiveCfg = Debug|Any CPU
		{3B5A0094-670D-4BB1-BFDD-61B88A8773DC}.Debug|Any CPU.Build.0 = Debug|Any CPU
		{3B5A0094-670D-4BB1-BFDD-61B88A8773DC}.Release|Any CPU.ActiveCfg = Release|Any CPU
		{3B5A0094-670D-4BB1-BFDD-61B88A8773DC}.Release|Any CPU.Build.0 = Release|Any CPU
		{E6D5BF0E-DE92-4D82-A352-EF04B37CB11C}.Debug|Any CPU.ActiveCfg = Debug|Any CPU
		{E6D5BF0E-DE92-4D82-A352-EF04B37CB11C}.Debug|Any CPU.Build.0 = Debug|Any CPU
		{E6D5BF0E-DE92-4D82-A352-EF04B37CB11C}.Release|Any CPU.ActiveCfg = Release|Any CPU
		{E6D5BF0E-DE92-4D82-A352-EF04B37CB11C}.Release|Any CPU.Build.0 = Release|Any CPU
		{91853F21-9CD9-4132-BC29-A7D5D84FFFE7}.Debug|Any CPU.ActiveCfg = Debug|Any CPU
		{91853F21-9CD9-4132-BC29-A7D5D84FFFE7}.Debug|Any CPU.Build.0 = Debug|Any CPU
		{91853F21-9CD9-4132-BC29-A7D5D84FFFE7}.Release|Any CPU.ActiveCfg = Release|Any CPU
		{91853F21-9CD9-4132-BC29-A7D5D84FFFE7}.Release|Any CPU.Build.0 = Release|Any CPU
		{E512F4D9-9375-480F-A2F6-A46509F9D824}.Debug|Any CPU.ActiveCfg = Debug|Any CPU
		{E512F4D9-9375-480F-A2F6-A46509F9D824}.Debug|Any CPU.Build.0 = Debug|Any CPU
		{E512F4D9-9375-480F-A2F6-A46509F9D824}.Release|Any CPU.ActiveCfg = Release|Any CPU
		{E512F4D9-9375-480F-A2F6-A46509F9D824}.Release|Any CPU.Build.0 = Release|Any CPU
		{EF480016-9127-4916-8735-D2466BDBC582}.Debug|Any CPU.ActiveCfg = Debug|Any CPU
		{EF480016-9127-4916-8735-D2466BDBC582}.Debug|Any CPU.Build.0 = Debug|Any CPU
		{EF480016-9127-4916-8735-D2466BDBC582}.Release|Any CPU.ActiveCfg = Release|Any CPU
		{EF480016-9127-4916-8735-D2466BDBC582}.Release|Any CPU.Build.0 = Release|Any CPU
		{AA94D832-1CCC-4715-95A9-A483F23A1A5D}.Debug|Any CPU.ActiveCfg = Debug|Any CPU
		{AA94D832-1CCC-4715-95A9-A483F23A1A5D}.Debug|Any CPU.Build.0 = Debug|Any CPU
		{AA94D832-1CCC-4715-95A9-A483F23A1A5D}.Release|Any CPU.ActiveCfg = Release|Any CPU
		{AA94D832-1CCC-4715-95A9-A483F23A1A5D}.Release|Any CPU.Build.0 = Release|Any CPU
		{B77D73DB-3E86-430E-B069-5B1A3558E220}.Debug|Any CPU.ActiveCfg = Debug|Any CPU
		{B77D73DB-3E86-430E-B069-5B1A3558E220}.Debug|Any CPU.Build.0 = Debug|Any CPU
		{B77D73DB-3E86-430E-B069-5B1A3558E220}.Release|Any CPU.ActiveCfg = Release|Any CPU
		{B77D73DB-3E86-430E-B069-5B1A3558E220}.Release|Any CPU.Build.0 = Release|Any CPU
		{25228440-E9F8-4B5E-A1E9-2525B2E568C4}.Debug|Any CPU.ActiveCfg = Debug|Any CPU
		{25228440-E9F8-4B5E-A1E9-2525B2E568C4}.Debug|Any CPU.Build.0 = Debug|Any CPU
		{25228440-E9F8-4B5E-A1E9-2525B2E568C4}.Release|Any CPU.ActiveCfg = Release|Any CPU
		{25228440-E9F8-4B5E-A1E9-2525B2E568C4}.Release|Any CPU.Build.0 = Release|Any CPU
		{B9BCF4A4-A4EB-47E0-9F79-5458C6D30997}.Debug|Any CPU.ActiveCfg = Debug|Any CPU
		{B9BCF4A4-A4EB-47E0-9F79-5458C6D30997}.Debug|Any CPU.Build.0 = Debug|Any CPU
		{B9BCF4A4-A4EB-47E0-9F79-5458C6D30997}.Release|Any CPU.ActiveCfg = Release|Any CPU
		{B9BCF4A4-A4EB-47E0-9F79-5458C6D30997}.Release|Any CPU.Build.0 = Release|Any CPU
		{9F274259-7A33-471E-88AB-824029000E4A}.Debug|Any CPU.ActiveCfg = Debug|Any CPU
		{9F274259-7A33-471E-88AB-824029000E4A}.Debug|Any CPU.Build.0 = Debug|Any CPU
		{9F274259-7A33-471E-88AB-824029000E4A}.Release|Any CPU.ActiveCfg = Release|Any CPU
		{9F274259-7A33-471E-88AB-824029000E4A}.Release|Any CPU.Build.0 = Release|Any CPU
		{A3F5A3B0-97E7-4643-A7C9-4A1B110815F0}.Debug|Any CPU.ActiveCfg = Debug|Any CPU
		{A3F5A3B0-97E7-4643-A7C9-4A1B110815F0}.Debug|Any CPU.Build.0 = Debug|Any CPU
		{A3F5A3B0-97E7-4643-A7C9-4A1B110815F0}.Release|Any CPU.ActiveCfg = Release|Any CPU
		{A3F5A3B0-97E7-4643-A7C9-4A1B110815F0}.Release|Any CPU.Build.0 = Release|Any CPU
		{CC9EECCF-14DF-43A8-BD54-0D7E246DBBE0}.Debug|Any CPU.ActiveCfg = Debug|Any CPU
		{CC9EECCF-14DF-43A8-BD54-0D7E246DBBE0}.Debug|Any CPU.Build.0 = Debug|Any CPU
		{CC9EECCF-14DF-43A8-BD54-0D7E246DBBE0}.Release|Any CPU.ActiveCfg = Release|Any CPU
		{CC9EECCF-14DF-43A8-BD54-0D7E246DBBE0}.Release|Any CPU.Build.0 = Release|Any CPU
		{8FD267D5-E652-4D88-93CB-70A9B644F745}.Debug|Any CPU.ActiveCfg = Debug|Any CPU
		{8FD267D5-E652-4D88-93CB-70A9B644F745}.Debug|Any CPU.Build.0 = Debug|Any CPU
		{8FD267D5-E652-4D88-93CB-70A9B644F745}.Release|Any CPU.ActiveCfg = Release|Any CPU
		{8FD267D5-E652-4D88-93CB-70A9B644F745}.Release|Any CPU.Build.0 = Release|Any CPU
		{AA53A52B-33FD-47AC-BB6B-3AEE225BE819}.Debug|Any CPU.ActiveCfg = Debug|Any CPU
		{AA53A52B-33FD-47AC-BB6B-3AEE225BE819}.Debug|Any CPU.Build.0 = Debug|Any CPU
		{AA53A52B-33FD-47AC-BB6B-3AEE225BE819}.Release|Any CPU.ActiveCfg = Release|Any CPU
		{AA53A52B-33FD-47AC-BB6B-3AEE225BE819}.Release|Any CPU.Build.0 = Release|Any CPU
		{2172371A-2E9E-437D-8EBF-BE4FF6D0583B}.Debug|Any CPU.ActiveCfg = Debug|Any CPU
		{2172371A-2E9E-437D-8EBF-BE4FF6D0583B}.Debug|Any CPU.Build.0 = Debug|Any CPU
		{2172371A-2E9E-437D-8EBF-BE4FF6D0583B}.Release|Any CPU.ActiveCfg = Release|Any CPU
		{2172371A-2E9E-437D-8EBF-BE4FF6D0583B}.Release|Any CPU.Build.0 = Release|Any CPU
		{00CA9094-16DA-47CB-8A69-D617802D8ED1}.Debug|Any CPU.ActiveCfg = Debug|Any CPU
		{00CA9094-16DA-47CB-8A69-D617802D8ED1}.Debug|Any CPU.Build.0 = Debug|Any CPU
		{00CA9094-16DA-47CB-8A69-D617802D8ED1}.Release|Any CPU.ActiveCfg = Release|Any CPU
		{00CA9094-16DA-47CB-8A69-D617802D8ED1}.Release|Any CPU.Build.0 = Release|Any CPU
		{916C22E5-5CF6-42A1-9FA7-C7EDE233D813}.Debug|Any CPU.ActiveCfg = Debug|Any CPU
		{916C22E5-5CF6-42A1-9FA7-C7EDE233D813}.Debug|Any CPU.Build.0 = Debug|Any CPU
		{916C22E5-5CF6-42A1-9FA7-C7EDE233D813}.Release|Any CPU.ActiveCfg = Release|Any CPU
		{916C22E5-5CF6-42A1-9FA7-C7EDE233D813}.Release|Any CPU.Build.0 = Release|Any CPU
		{707B0CC7-7D52-41F3-B877-E8B7FEF4C59D}.Debug|Any CPU.ActiveCfg = Debug|Any CPU
		{707B0CC7-7D52-41F3-B877-E8B7FEF4C59D}.Debug|Any CPU.Build.0 = Debug|Any CPU
		{707B0CC7-7D52-41F3-B877-E8B7FEF4C59D}.Release|Any CPU.ActiveCfg = Release|Any CPU
		{707B0CC7-7D52-41F3-B877-E8B7FEF4C59D}.Release|Any CPU.Build.0 = Release|Any CPU
		{FB6D0664-A328-46CB-B019-0B05DEB23DC2}.Debug|Any CPU.ActiveCfg = Debug|Any CPU
		{FB6D0664-A328-46CB-B019-0B05DEB23DC2}.Debug|Any CPU.Build.0 = Debug|Any CPU
		{FB6D0664-A328-46CB-B019-0B05DEB23DC2}.Release|Any CPU.ActiveCfg = Release|Any CPU
		{FB6D0664-A328-46CB-B019-0B05DEB23DC2}.Release|Any CPU.Build.0 = Release|Any CPU
		{DC7E4FA3-72C0-4A3F-A80D-120305FAE130}.Debug|Any CPU.ActiveCfg = Debug|Any CPU
		{DC7E4FA3-72C0-4A3F-A80D-120305FAE130}.Debug|Any CPU.Build.0 = Debug|Any CPU
		{DC7E4FA3-72C0-4A3F-A80D-120305FAE130}.Release|Any CPU.ActiveCfg = Release|Any CPU
		{DC7E4FA3-72C0-4A3F-A80D-120305FAE130}.Release|Any CPU.Build.0 = Release|Any CPU
		{2E2A03D2-8A33-44AA-B125-063F37E94F6E}.Debug|Any CPU.ActiveCfg = Debug|Any CPU
		{2E2A03D2-8A33-44AA-B125-063F37E94F6E}.Debug|Any CPU.Build.0 = Debug|Any CPU
		{2E2A03D2-8A33-44AA-B125-063F37E94F6E}.Release|Any CPU.ActiveCfg = Release|Any CPU
		{2E2A03D2-8A33-44AA-B125-063F37E94F6E}.Release|Any CPU.Build.0 = Release|Any CPU
		{FD4AA222-E717-4B78-A7F4-46CADF9A1BD1}.Debug|Any CPU.ActiveCfg = Debug|Any CPU
		{FD4AA222-E717-4B78-A7F4-46CADF9A1BD1}.Debug|Any CPU.Build.0 = Debug|Any CPU
		{FD4AA222-E717-4B78-A7F4-46CADF9A1BD1}.Release|Any CPU.ActiveCfg = Release|Any CPU
		{FD4AA222-E717-4B78-A7F4-46CADF9A1BD1}.Release|Any CPU.Build.0 = Release|Any CPU
		{B35484F1-8253-4CBD-98EC-6F18DA11691A}.Debug|Any CPU.ActiveCfg = Debug|Any CPU
		{B35484F1-8253-4CBD-98EC-6F18DA11691A}.Debug|Any CPU.Build.0 = Debug|Any CPU
		{B35484F1-8253-4CBD-98EC-6F18DA11691A}.Release|Any CPU.ActiveCfg = Release|Any CPU
		{B35484F1-8253-4CBD-98EC-6F18DA11691A}.Release|Any CPU.Build.0 = Release|Any CPU
		{5392C9FC-7EA9-4364-B2E5-2B3D0676AE2F}.Debug|Any CPU.ActiveCfg = Debug|Any CPU
		{5392C9FC-7EA9-4364-B2E5-2B3D0676AE2F}.Debug|Any CPU.Build.0 = Debug|Any CPU
		{5392C9FC-7EA9-4364-B2E5-2B3D0676AE2F}.Release|Any CPU.ActiveCfg = Release|Any CPU
		{5392C9FC-7EA9-4364-B2E5-2B3D0676AE2F}.Release|Any CPU.Build.0 = Release|Any CPU
		{DE3E0B07-F585-4204-9BC0-EDF571F9FFE8}.Debug|Any CPU.ActiveCfg = Debug|Any CPU
		{DE3E0B07-F585-4204-9BC0-EDF571F9FFE8}.Debug|Any CPU.Build.0 = Debug|Any CPU
		{DE3E0B07-F585-4204-9BC0-EDF571F9FFE8}.Release|Any CPU.ActiveCfg = Release|Any CPU
		{DE3E0B07-F585-4204-9BC0-EDF571F9FFE8}.Release|Any CPU.Build.0 = Release|Any CPU
		{5A4743DF-BC69-4CCE-B8CE-29F04DCB7F43}.Debug|Any CPU.ActiveCfg = Debug|Any CPU
		{5A4743DF-BC69-4CCE-B8CE-29F04DCB7F43}.Debug|Any CPU.Build.0 = Debug|Any CPU
		{5A4743DF-BC69-4CCE-B8CE-29F04DCB7F43}.Release|Any CPU.ActiveCfg = Release|Any CPU
		{5A4743DF-BC69-4CCE-B8CE-29F04DCB7F43}.Release|Any CPU.Build.0 = Release|Any CPU
	EndGlobalSection
	GlobalSection(SolutionProperties) = preSolution
		HideSolutionNode = FALSE
	EndGlobalSection
	GlobalSection(NestedProjects) = preSolution
		{554AD327-6DBA-4F8F-96F8-81CE7A0C863F} = {CA9AC87F-097E-4F15-8393-4BC07735A5B0}
		{1A94A50E-06DC-43C1-80B5-B662820EC3EB} = {CA9AC87F-097E-4F15-8393-4BC07735A5B0}
		{50B2631D-129C-47B3-A587-029CCD6099BC} = {04DBDB01-70F4-4E06-B468-8F87850B22BE}
		{42F719ED-8413-4895-B5B4-5AB56079BC66} = {CA9AC87F-097E-4F15-8393-4BC07735A5B0}
		{520659C8-C734-4298-A3DA-B539DB9DFC0B} = {CA9AC87F-097E-4F15-8393-4BC07735A5B0}
		{4164BDF7-F527-4E85-9CE6-E3C2D7426A27} = {CA9AC87F-097E-4F15-8393-4BC07735A5B0}
		{3B5A0094-670D-4BB1-BFDD-61B88A8773DC} = {CA9AC87F-097E-4F15-8393-4BC07735A5B0}
		{E6D5BF0E-DE92-4D82-A352-EF04B37CB11C} = {CA9AC87F-097E-4F15-8393-4BC07735A5B0}
		{91853F21-9CD9-4132-BC29-A7D5D84FFFE7} = {04DBDB01-70F4-4E06-B468-8F87850B22BE}
		{E512F4D9-9375-480F-A2F6-A46509F9D824} = {04DBDB01-70F4-4E06-B468-8F87850B22BE}
		{EF480016-9127-4916-8735-D2466BDBC582} = {04DBDB01-70F4-4E06-B468-8F87850B22BE}
		{AA94D832-1CCC-4715-95A9-A483F23A1A5D} = {CA9AC87F-097E-4F15-8393-4BC07735A5B0}
		{B77D73DB-3E86-430E-B069-5B1A3558E220} = {CA9AC87F-097E-4F15-8393-4BC07735A5B0}
		{25228440-E9F8-4B5E-A1E9-2525B2E568C4} = {CA9AC87F-097E-4F15-8393-4BC07735A5B0}
		{B9BCF4A4-A4EB-47E0-9F79-5458C6D30997} = {CA9AC87F-097E-4F15-8393-4BC07735A5B0}
		{9F274259-7A33-471E-88AB-824029000E4A} = {CA9AC87F-097E-4F15-8393-4BC07735A5B0}
		{A3F5A3B0-97E7-4643-A7C9-4A1B110815F0} = {CA9AC87F-097E-4F15-8393-4BC07735A5B0}
		{CC9EECCF-14DF-43A8-BD54-0D7E246DBBE0} = {CA9AC87F-097E-4F15-8393-4BC07735A5B0}
		{8FD267D5-E652-4D88-93CB-70A9B644F745} = {04DBDB01-70F4-4E06-B468-8F87850B22BE}
		{AA53A52B-33FD-47AC-BB6B-3AEE225BE819} = {04DBDB01-70F4-4E06-B468-8F87850B22BE}
		{2172371A-2E9E-437D-8EBF-BE4FF6D0583B} = {CA9AC87F-097E-4F15-8393-4BC07735A5B0}
		{00CA9094-16DA-47CB-8A69-D617802D8ED1} = {04DBDB01-70F4-4E06-B468-8F87850B22BE}
		{916C22E5-5CF6-42A1-9FA7-C7EDE233D813} = {04DBDB01-70F4-4E06-B468-8F87850B22BE}
		{707B0CC7-7D52-41F3-B877-E8B7FEF4C59D} = {CA9AC87F-097E-4F15-8393-4BC07735A5B0}
		{FB6D0664-A328-46CB-B019-0B05DEB23DC2} = {CA9AC87F-097E-4F15-8393-4BC07735A5B0}
		{DC7E4FA3-72C0-4A3F-A80D-120305FAE130} = {CA9AC87F-097E-4F15-8393-4BC07735A5B0}
		{2E2A03D2-8A33-44AA-B125-063F37E94F6E} = {04DBDB01-70F4-4E06-B468-8F87850B22BE}
		{FD4AA222-E717-4B78-A7F4-46CADF9A1BD1} = {04DBDB01-70F4-4E06-B468-8F87850B22BE}
		{B35484F1-8253-4CBD-98EC-6F18DA11691A} = {CA9AC87F-097E-4F15-8393-4BC07735A5B0}
		{5392C9FC-7EA9-4364-B2E5-2B3D0676AE2F} = {CA9AC87F-097E-4F15-8393-4BC07735A5B0}
		{DE3E0B07-F585-4204-9BC0-EDF571F9FFE8} = {04DBDB01-70F4-4E06-B468-8F87850B22BE}
		{5A4743DF-BC69-4CCE-B8CE-29F04DCB7F43} = {7AD57916-6546-4CC5-B6F1-F7AEAA526DE3}
	EndGlobalSection
	GlobalSection(ExtensibilityGlobals) = postSolution
		SolutionGuid = {28315BFD-90E7-4E14-A2EA-F3D23AF4126F}
	EndGlobalSection
EndGlobal

