
Microsoft Visual Studio Solution File, Format Version 12.00
# Visual Studio Version 16
VisualStudioVersion = 16.0.29020.237
MinimumVisualStudioVersion = 10.0.40219.1
Project("{9A19103F-16F7-4668-BE54-9A1E7A4F7556}") = "AElfScan.Domain", "src\AElfScan.Domain\AElfScan.Domain.csproj", "{554AD327-6DBA-4F8F-96F8-81CE7A0C863F}"
EndProject
Project("{9A19103F-16F7-4668-BE54-9A1E7A4F7556}") = "AElfScan.Application", "src\AElfScan.Application\AElfScan.Application.csproj", "{1A94A50E-06DC-43C1-80B5-B662820EC3EB}"
EndProject
Project("{9A19103F-16F7-4668-BE54-9A1E7A4F7556}") = "AElfScan.EntityFrameworkCore", "src\AElfScan.EntityFrameworkCore\AElfScan.EntityFrameworkCore.csproj", "{C956DD76-69C8-4A9C-83EA-D17DF83340FD}"
EndProject
Project("{2150E333-8FDC-42A3-9474-1A3956D46DE8}") = "src", "src", "{CA9AC87F-097E-4F15-8393-4BC07735A5B0}"
EndProject
Project("{2150E333-8FDC-42A3-9474-1A3956D46DE8}") = "test", "test", "{04DBDB01-70F4-4E06-B468-8F87850B22BE}"
EndProject
Project("{9A19103F-16F7-4668-BE54-9A1E7A4F7556}") = "AElfScan.Application.Tests", "test\AElfScan.Application.Tests\AElfScan.Application.Tests.csproj", "{50B2631D-129C-47B3-A587-029CCD6099BC}"
EndProject
Project("{9A19103F-16F7-4668-BE54-9A1E7A4F7556}") = "AElfScan.Domain.Shared", "src\AElfScan.Domain.Shared\AElfScan.Domain.Shared.csproj", "{42F719ED-8413-4895-B5B4-5AB56079BC66}"
EndProject
Project("{9A19103F-16F7-4668-BE54-9A1E7A4F7556}") = "AElfScan.Application.Contracts", "src\AElfScan.Application.Contracts\AElfScan.Application.Contracts.csproj", "{520659C8-C734-4298-A3DA-B539DB9DFC0B}"
EndProject
Project("{9A19103F-16F7-4668-BE54-9A1E7A4F7556}") = "AElfScan.HttpApi", "src\AElfScan.HttpApi\AElfScan.HttpApi.csproj", "{4164BDF7-F527-4E85-9CE6-E3C2D7426A27}"
EndProject
Project("{9A19103F-16F7-4668-BE54-9A1E7A4F7556}") = "AElfScan.HttpApi.Client", "src\AElfScan.HttpApi.Client\AElfScan.HttpApi.Client.csproj", "{3B5A0094-670D-4BB1-BFDD-61B88A8773DC}"
EndProject
Project("{9A19103F-16F7-4668-BE54-9A1E7A4F7556}") = "AElfScan.IdentityServer", "src\AElfScan.IdentityServer\AElfScan.IdentityServer.csproj", "{073C361E-B8F4-49F5-93CC-72A3FF49C026}"
EndProject
Project("{9A19103F-16F7-4668-BE54-9A1E7A4F7556}") = "AElfScan.HttpApi.Host", "src\AElfScan.HttpApi.Host\AElfScan.HttpApi.Host.csproj", "{E6D5BF0E-DE92-4D82-A352-EF04B37CB11C}"
EndProject
Project("{9A19103F-16F7-4668-BE54-9A1E7A4F7556}") = "AElfScan.EntityFrameworkCore.Tests", "test\AElfScan.EntityFrameworkCore.Tests\AElfScan.EntityFrameworkCore.Tests.csproj", "{1FE30EB9-74A9-47F5-A9F6-7B1FAB672D81}"
EndProject
Project("{9A19103F-16F7-4668-BE54-9A1E7A4F7556}") = "AElfScan.TestBase", "test\AElfScan.TestBase\AElfScan.TestBase.csproj", "{91853F21-9CD9-4132-BC29-A7D5D84FFFE7}"
EndProject
Project("{9A19103F-16F7-4668-BE54-9A1E7A4F7556}") = "AElfScan.Domain.Tests", "test\AElfScan.Domain.Tests\AElfScan.Domain.Tests.csproj", "{E512F4D9-9375-480F-A2F6-A46509F9D824}"
EndProject
Project("{9A19103F-16F7-4668-BE54-9A1E7A4F7556}") = "AElfScan.HttpApi.Client.ConsoleTestApp", "test\AElfScan.HttpApi.Client.ConsoleTestApp\AElfScan.HttpApi.Client.ConsoleTestApp.csproj", "{EF480016-9127-4916-8735-D2466BDBC582}"
EndProject
Project("{9A19103F-16F7-4668-BE54-9A1E7A4F7556}") = "AElfScan.DbMigrator", "src\AElfScan.DbMigrator\AElfScan.DbMigrator.csproj", "{AA94D832-1CCC-4715-95A9-A483F23A1A5D}"
EndProject
Project("{FAE04EC0-301F-11D3-BF4B-00C04F79EFBC}") = "AElfScan.Orleans.Silo", "src\AElfScan.Orleans.Silo\AElfScan.Orleans.Silo.csproj", "{B77D73DB-3E86-430E-B069-5B1A3558E220}"
EndProject
Project("{FAE04EC0-301F-11D3-BF4B-00C04F79EFBC}") = "AElfScan.Orleans.EventSourcing", "src\AElfScan.Orleans.EventSourcing\AElfScan.Orleans.EventSourcing.csproj", "{25228440-E9F8-4B5E-A1E9-2525B2E568C4}"
EndProject
Project("{FAE04EC0-301F-11D3-BF4B-00C04F79EFBC}") = "AElfScan.BlockChainEventHandler", "src\AElfScan.BlockChainEventHandler\AElfScan.BlockChainEventHandler.csproj", "{B9BCF4A4-A4EB-47E0-9F79-5458C6D30997}"
EndProject
Project("{FAE04EC0-301F-11D3-BF4B-00C04F79EFBC}") = "AElfScan.BlockChainEventHandler.Core", "src\AElfScan.BlockChainEventHandler.Core\AElfScan.BlockChainEventHandler.Core.csproj", "{9F274259-7A33-471E-88AB-824029000E4A}"
EndProject
Project("{FAE04EC0-301F-11D3-BF4B-00C04F79EFBC}") = "AElfScan.EntityEventHandler", "src\AElfScan.EntityEventHandler\AElfScan.EntityEventHandler.csproj", "{A3F5A3B0-97E7-4643-A7C9-4A1B110815F0}"
EndProject
Project("{FAE04EC0-301F-11D3-BF4B-00C04F79EFBC}") = "AElfScan.EntityEventHandler.Core", "src\AElfScan.EntityEventHandler.Core\AElfScan.EntityEventHandler.Core.csproj", "{CC9EECCF-14DF-43A8-BD54-0D7E246DBBE0}"
EndProject
Project("{FAE04EC0-301F-11D3-BF4B-00C04F79EFBC}") = "AElfScan.BlockChainEventHandler.Core.Tests", "test\AElfScan.BlockChainEventHandler.Core.Tests\AElfScan.BlockChainEventHandler.Core.Tests.csproj", "{8FD267D5-E652-4D88-93CB-70A9B644F745}"
EndProject
Project("{FAE04EC0-301F-11D3-BF4B-00C04F79EFBC}") = "AElfScan.EntityEventHandler.Core.Tests", "test\AElfScan.EntityEventHandler.Core.Tests\AElfScan.EntityEventHandler.Core.Tests.csproj", "{AA53A52B-33FD-47AC-BB6B-3AEE225BE819}"
EndProject
Project("{FAE04EC0-301F-11D3-BF4B-00C04F79EFBC}") = "AElfScan.AuthServer", "src\AElfScan.AuthServer\AElfScan.AuthServer.csproj", "{2172371A-2E9E-437D-8EBF-BE4FF6D0583B}"
EndProject
Global
	GlobalSection(SolutionConfigurationPlatforms) = preSolution
		Debug|Any CPU = Debug|Any CPU
		Release|Any CPU = Release|Any CPU
	EndGlobalSection
	GlobalSection(ProjectConfigurationPlatforms) = postSolution
		{554AD327-6DBA-4F8F-96F8-81CE7A0C863F}.Debug|Any CPU.ActiveCfg = Debug|Any CPU
		{554AD327-6DBA-4F8F-96F8-81CE7A0C863F}.Debug|Any CPU.Build.0 = Debug|Any CPU
		{554AD327-6DBA-4F8F-96F8-81CE7A0C863F}.Release|Any CPU.ActiveCfg = Release|Any CPU
		{554AD327-6DBA-4F8F-96F8-81CE7A0C863F}.Release|Any CPU.Build.0 = Release|Any CPU
		{1A94A50E-06DC-43C1-80B5-B662820EC3EB}.Debug|Any CPU.ActiveCfg = Debug|Any CPU
		{1A94A50E-06DC-43C1-80B5-B662820EC3EB}.Debug|Any CPU.Build.0 = Debug|Any CPU
		{1A94A50E-06DC-43C1-80B5-B662820EC3EB}.Release|Any CPU.ActiveCfg = Release|Any CPU
		{1A94A50E-06DC-43C1-80B5-B662820EC3EB}.Release|Any CPU.Build.0 = Release|Any CPU
		{C956DD76-69C8-4A9C-83EA-D17DF83340FD}.Debug|Any CPU.ActiveCfg = Debug|Any CPU
		{C956DD76-69C8-4A9C-83EA-D17DF83340FD}.Debug|Any CPU.Build.0 = Debug|Any CPU
		{C956DD76-69C8-4A9C-83EA-D17DF83340FD}.Release|Any CPU.ActiveCfg = Release|Any CPU
		{C956DD76-69C8-4A9C-83EA-D17DF83340FD}.Release|Any CPU.Build.0 = Release|Any CPU
		{50B2631D-129C-47B3-A587-029CCD6099BC}.Debug|Any CPU.ActiveCfg = Debug|Any CPU
		{50B2631D-129C-47B3-A587-029CCD6099BC}.Debug|Any CPU.Build.0 = Debug|Any CPU
		{50B2631D-129C-47B3-A587-029CCD6099BC}.Release|Any CPU.ActiveCfg = Release|Any CPU
		{50B2631D-129C-47B3-A587-029CCD6099BC}.Release|Any CPU.Build.0 = Release|Any CPU
		{42F719ED-8413-4895-B5B4-5AB56079BC66}.Debug|Any CPU.ActiveCfg = Debug|Any CPU
		{42F719ED-8413-4895-B5B4-5AB56079BC66}.Debug|Any CPU.Build.0 = Debug|Any CPU
		{42F719ED-8413-4895-B5B4-5AB56079BC66}.Release|Any CPU.ActiveCfg = Release|Any CPU
		{42F719ED-8413-4895-B5B4-5AB56079BC66}.Release|Any CPU.Build.0 = Release|Any CPU
		{520659C8-C734-4298-A3DA-B539DB9DFC0B}.Debug|Any CPU.ActiveCfg = Debug|Any CPU
		{520659C8-C734-4298-A3DA-B539DB9DFC0B}.Debug|Any CPU.Build.0 = Debug|Any CPU
		{520659C8-C734-4298-A3DA-B539DB9DFC0B}.Release|Any CPU.ActiveCfg = Release|Any CPU
		{520659C8-C734-4298-A3DA-B539DB9DFC0B}.Release|Any CPU.Build.0 = Release|Any CPU
		{4164BDF7-F527-4E85-9CE6-E3C2D7426A27}.Debug|Any CPU.ActiveCfg = Debug|Any CPU
		{4164BDF7-F527-4E85-9CE6-E3C2D7426A27}.Debug|Any CPU.Build.0 = Debug|Any CPU
		{4164BDF7-F527-4E85-9CE6-E3C2D7426A27}.Release|Any CPU.ActiveCfg = Release|Any CPU
		{4164BDF7-F527-4E85-9CE6-E3C2D7426A27}.Release|Any CPU.Build.0 = Release|Any CPU
		{3B5A0094-670D-4BB1-BFDD-61B88A8773DC}.Debug|Any CPU.ActiveCfg = Debug|Any CPU
		{3B5A0094-670D-4BB1-BFDD-61B88A8773DC}.Debug|Any CPU.Build.0 = Debug|Any CPU
		{3B5A0094-670D-4BB1-BFDD-61B88A8773DC}.Release|Any CPU.ActiveCfg = Release|Any CPU
		{3B5A0094-670D-4BB1-BFDD-61B88A8773DC}.Release|Any CPU.Build.0 = Release|Any CPU
		{073C361E-B8F4-49F5-93CC-72A3FF49C026}.Debug|Any CPU.ActiveCfg = Debug|Any CPU
		{073C361E-B8F4-49F5-93CC-72A3FF49C026}.Debug|Any CPU.Build.0 = Debug|Any CPU
		{073C361E-B8F4-49F5-93CC-72A3FF49C026}.Release|Any CPU.ActiveCfg = Release|Any CPU
		{073C361E-B8F4-49F5-93CC-72A3FF49C026}.Release|Any CPU.Build.0 = Release|Any CPU
		{E6D5BF0E-DE92-4D82-A352-EF04B37CB11C}.Debug|Any CPU.ActiveCfg = Debug|Any CPU
		{E6D5BF0E-DE92-4D82-A352-EF04B37CB11C}.Debug|Any CPU.Build.0 = Debug|Any CPU
		{E6D5BF0E-DE92-4D82-A352-EF04B37CB11C}.Release|Any CPU.ActiveCfg = Release|Any CPU
		{E6D5BF0E-DE92-4D82-A352-EF04B37CB11C}.Release|Any CPU.Build.0 = Release|Any CPU
		{1FE30EB9-74A9-47F5-A9F6-7B1FAB672D81}.Debug|Any CPU.ActiveCfg = Debug|Any CPU
		{1FE30EB9-74A9-47F5-A9F6-7B1FAB672D81}.Debug|Any CPU.Build.0 = Debug|Any CPU
		{1FE30EB9-74A9-47F5-A9F6-7B1FAB672D81}.Release|Any CPU.ActiveCfg = Release|Any CPU
		{1FE30EB9-74A9-47F5-A9F6-7B1FAB672D81}.Release|Any CPU.Build.0 = Release|Any CPU
		{91853F21-9CD9-4132-BC29-A7D5D84FFFE7}.Debug|Any CPU.ActiveCfg = Debug|Any CPU
		{91853F21-9CD9-4132-BC29-A7D5D84FFFE7}.Debug|Any CPU.Build.0 = Debug|Any CPU
		{91853F21-9CD9-4132-BC29-A7D5D84FFFE7}.Release|Any CPU.ActiveCfg = Release|Any CPU
		{91853F21-9CD9-4132-BC29-A7D5D84FFFE7}.Release|Any CPU.Build.0 = Release|Any CPU
		{E512F4D9-9375-480F-A2F6-A46509F9D824}.Debug|Any CPU.ActiveCfg = Debug|Any CPU
		{E512F4D9-9375-480F-A2F6-A46509F9D824}.Debug|Any CPU.Build.0 = Debug|Any CPU
		{E512F4D9-9375-480F-A2F6-A46509F9D824}.Release|Any CPU.ActiveCfg = Release|Any CPU
		{E512F4D9-9375-480F-A2F6-A46509F9D824}.Release|Any CPU.Build.0 = Release|Any CPU
		{EF480016-9127-4916-8735-D2466BDBC582}.Debug|Any CPU.ActiveCfg = Debug|Any CPU
		{EF480016-9127-4916-8735-D2466BDBC582}.Debug|Any CPU.Build.0 = Debug|Any CPU
		{EF480016-9127-4916-8735-D2466BDBC582}.Release|Any CPU.ActiveCfg = Release|Any CPU
		{EF480016-9127-4916-8735-D2466BDBC582}.Release|Any CPU.Build.0 = Release|Any CPU
		{AA94D832-1CCC-4715-95A9-A483F23A1A5D}.Debug|Any CPU.ActiveCfg = Debug|Any CPU
		{AA94D832-1CCC-4715-95A9-A483F23A1A5D}.Debug|Any CPU.Build.0 = Debug|Any CPU
		{AA94D832-1CCC-4715-95A9-A483F23A1A5D}.Release|Any CPU.ActiveCfg = Release|Any CPU
		{AA94D832-1CCC-4715-95A9-A483F23A1A5D}.Release|Any CPU.Build.0 = Release|Any CPU
		{B77D73DB-3E86-430E-B069-5B1A3558E220}.Debug|Any CPU.ActiveCfg = Debug|Any CPU
		{B77D73DB-3E86-430E-B069-5B1A3558E220}.Debug|Any CPU.Build.0 = Debug|Any CPU
		{B77D73DB-3E86-430E-B069-5B1A3558E220}.Release|Any CPU.ActiveCfg = Release|Any CPU
		{B77D73DB-3E86-430E-B069-5B1A3558E220}.Release|Any CPU.Build.0 = Release|Any CPU
		{25228440-E9F8-4B5E-A1E9-2525B2E568C4}.Debug|Any CPU.ActiveCfg = Debug|Any CPU
		{25228440-E9F8-4B5E-A1E9-2525B2E568C4}.Debug|Any CPU.Build.0 = Debug|Any CPU
		{25228440-E9F8-4B5E-A1E9-2525B2E568C4}.Release|Any CPU.ActiveCfg = Release|Any CPU
		{25228440-E9F8-4B5E-A1E9-2525B2E568C4}.Release|Any CPU.Build.0 = Release|Any CPU
		{B9BCF4A4-A4EB-47E0-9F79-5458C6D30997}.Debug|Any CPU.ActiveCfg = Debug|Any CPU
		{B9BCF4A4-A4EB-47E0-9F79-5458C6D30997}.Debug|Any CPU.Build.0 = Debug|Any CPU
		{B9BCF4A4-A4EB-47E0-9F79-5458C6D30997}.Release|Any CPU.ActiveCfg = Release|Any CPU
		{B9BCF4A4-A4EB-47E0-9F79-5458C6D30997}.Release|Any CPU.Build.0 = Release|Any CPU
		{9F274259-7A33-471E-88AB-824029000E4A}.Debug|Any CPU.ActiveCfg = Debug|Any CPU
		{9F274259-7A33-471E-88AB-824029000E4A}.Debug|Any CPU.Build.0 = Debug|Any CPU
		{9F274259-7A33-471E-88AB-824029000E4A}.Release|Any CPU.ActiveCfg = Release|Any CPU
		{9F274259-7A33-471E-88AB-824029000E4A}.Release|Any CPU.Build.0 = Release|Any CPU
		{A3F5A3B0-97E7-4643-A7C9-4A1B110815F0}.Debug|Any CPU.ActiveCfg = Debug|Any CPU
		{A3F5A3B0-97E7-4643-A7C9-4A1B110815F0}.Debug|Any CPU.Build.0 = Debug|Any CPU
		{A3F5A3B0-97E7-4643-A7C9-4A1B110815F0}.Release|Any CPU.ActiveCfg = Release|Any CPU
		{A3F5A3B0-97E7-4643-A7C9-4A1B110815F0}.Release|Any CPU.Build.0 = Release|Any CPU
		{CC9EECCF-14DF-43A8-BD54-0D7E246DBBE0}.Debug|Any CPU.ActiveCfg = Debug|Any CPU
		{CC9EECCF-14DF-43A8-BD54-0D7E246DBBE0}.Debug|Any CPU.Build.0 = Debug|Any CPU
		{CC9EECCF-14DF-43A8-BD54-0D7E246DBBE0}.Release|Any CPU.ActiveCfg = Release|Any CPU
		{CC9EECCF-14DF-43A8-BD54-0D7E246DBBE0}.Release|Any CPU.Build.0 = Release|Any CPU
		{8FD267D5-E652-4D88-93CB-70A9B644F745}.Debug|Any CPU.ActiveCfg = Debug|Any CPU
		{8FD267D5-E652-4D88-93CB-70A9B644F745}.Debug|Any CPU.Build.0 = Debug|Any CPU
		{8FD267D5-E652-4D88-93CB-70A9B644F745}.Release|Any CPU.ActiveCfg = Release|Any CPU
		{8FD267D5-E652-4D88-93CB-70A9B644F745}.Release|Any CPU.Build.0 = Release|Any CPU
		{AA53A52B-33FD-47AC-BB6B-3AEE225BE819}.Debug|Any CPU.ActiveCfg = Debug|Any CPU
		{AA53A52B-33FD-47AC-BB6B-3AEE225BE819}.Debug|Any CPU.Build.0 = Debug|Any CPU
		{AA53A52B-33FD-47AC-BB6B-3AEE225BE819}.Release|Any CPU.ActiveCfg = Release|Any CPU
		{AA53A52B-33FD-47AC-BB6B-3AEE225BE819}.Release|Any CPU.Build.0 = Release|Any CPU
		{2172371A-2E9E-437D-8EBF-BE4FF6D0583B}.Debug|Any CPU.ActiveCfg = Debug|Any CPU
		{2172371A-2E9E-437D-8EBF-BE4FF6D0583B}.Debug|Any CPU.Build.0 = Debug|Any CPU
		{2172371A-2E9E-437D-8EBF-BE4FF6D0583B}.Release|Any CPU.ActiveCfg = Release|Any CPU
		{2172371A-2E9E-437D-8EBF-BE4FF6D0583B}.Release|Any CPU.Build.0 = Release|Any CPU
	EndGlobalSection
	GlobalSection(SolutionProperties) = preSolution
		HideSolutionNode = FALSE
	EndGlobalSection
	GlobalSection(NestedProjects) = preSolution
		{554AD327-6DBA-4F8F-96F8-81CE7A0C863F} = {CA9AC87F-097E-4F15-8393-4BC07735A5B0}
		{1A94A50E-06DC-43C1-80B5-B662820EC3EB} = {CA9AC87F-097E-4F15-8393-4BC07735A5B0}
		{C956DD76-69C8-4A9C-83EA-D17DF83340FD} = {CA9AC87F-097E-4F15-8393-4BC07735A5B0}
		{50B2631D-129C-47B3-A587-029CCD6099BC} = {04DBDB01-70F4-4E06-B468-8F87850B22BE}
		{42F719ED-8413-4895-B5B4-5AB56079BC66} = {CA9AC87F-097E-4F15-8393-4BC07735A5B0}
		{520659C8-C734-4298-A3DA-B539DB9DFC0B} = {CA9AC87F-097E-4F15-8393-4BC07735A5B0}
		{4164BDF7-F527-4E85-9CE6-E3C2D7426A27} = {CA9AC87F-097E-4F15-8393-4BC07735A5B0}
		{3B5A0094-670D-4BB1-BFDD-61B88A8773DC} = {CA9AC87F-097E-4F15-8393-4BC07735A5B0}
		{073C361E-B8F4-49F5-93CC-72A3FF49C026} = {CA9AC87F-097E-4F15-8393-4BC07735A5B0}
		{E6D5BF0E-DE92-4D82-A352-EF04B37CB11C} = {CA9AC87F-097E-4F15-8393-4BC07735A5B0}
		{1FE30EB9-74A9-47F5-A9F6-7B1FAB672D81} = {04DBDB01-70F4-4E06-B468-8F87850B22BE}
		{91853F21-9CD9-4132-BC29-A7D5D84FFFE7} = {04DBDB01-70F4-4E06-B468-8F87850B22BE}
		{E512F4D9-9375-480F-A2F6-A46509F9D824} = {04DBDB01-70F4-4E06-B468-8F87850B22BE}
		{EF480016-9127-4916-8735-D2466BDBC582} = {04DBDB01-70F4-4E06-B468-8F87850B22BE}
		{AA94D832-1CCC-4715-95A9-A483F23A1A5D} = {CA9AC87F-097E-4F15-8393-4BC07735A5B0}
		{B77D73DB-3E86-430E-B069-5B1A3558E220} = {CA9AC87F-097E-4F15-8393-4BC07735A5B0}
		{25228440-E9F8-4B5E-A1E9-2525B2E568C4} = {CA9AC87F-097E-4F15-8393-4BC07735A5B0}
		{B9BCF4A4-A4EB-47E0-9F79-5458C6D30997} = {CA9AC87F-097E-4F15-8393-4BC07735A5B0}
		{9F274259-7A33-471E-88AB-824029000E4A} = {CA9AC87F-097E-4F15-8393-4BC07735A5B0}
		{A3F5A3B0-97E7-4643-A7C9-4A1B110815F0} = {CA9AC87F-097E-4F15-8393-4BC07735A5B0}
		{CC9EECCF-14DF-43A8-BD54-0D7E246DBBE0} = {CA9AC87F-097E-4F15-8393-4BC07735A5B0}
		{8FD267D5-E652-4D88-93CB-70A9B644F745} = {04DBDB01-70F4-4E06-B468-8F87850B22BE}
		{AA53A52B-33FD-47AC-BB6B-3AEE225BE819} = {04DBDB01-70F4-4E06-B468-8F87850B22BE}
		{2172371A-2E9E-437D-8EBF-BE4FF6D0583B} = {CA9AC87F-097E-4F15-8393-4BC07735A5B0}
	EndGlobalSection
	GlobalSection(ExtensibilityGlobals) = postSolution
		SolutionGuid = {28315BFD-90E7-4E14-A2EA-F3D23AF4126F}
	EndGlobalSection
EndGlobal

